// !$*UTF8*$!
{
	archiveVersion = 1;
	classes = {
	};
	objectVersion = 46;
	objects = {

/* Begin PBXBuildFile section */
		DE0B0634137AF23A00B674C2 /* UIKit.framework in Frameworks */ = {isa = PBXBuildFile; fileRef = DE0B0633137AF23A00B674C2 /* UIKit.framework */; };
		DE0B0636137AF23A00B674C2 /* Foundation.framework in Frameworks */ = {isa = PBXBuildFile; fileRef = DE0B0635137AF23A00B674C2 /* Foundation.framework */; };
		DE0B0638137AF23A00B674C2 /* CoreGraphics.framework in Frameworks */ = {isa = PBXBuildFile; fileRef = DE0B0637137AF23A00B674C2 /* CoreGraphics.framework */; };
		DE0B063E137AF23A00B674C2 /* InfoPlist.strings in Resources */ = {isa = PBXBuildFile; fileRef = DE0B063C137AF23A00B674C2 /* InfoPlist.strings */; };
		DE0B0641137AF23A00B674C2 /* main.m in Sources */ = {isa = PBXBuildFile; fileRef = DE0B0640137AF23A00B674C2 /* main.m */; };
		DE0B0644137AF23A00B674C2 /* rrrrradioMobileAppDelegate.m in Sources */ = {isa = PBXBuildFile; fileRef = DE0B0643137AF23A00B674C2 /* rrrrradioMobileAppDelegate.m */; };
		DE0B0647137AF23A00B674C2 /* MainWindow.xib in Resources */ = {isa = PBXBuildFile; fileRef = DE0B0645137AF23A00B674C2 /* MainWindow.xib */; };
		DE0B064A137AF23A00B674C2 /* rrrrradioMobileViewController.m in Sources */ = {isa = PBXBuildFile; fileRef = DE0B0649137AF23A00B674C2 /* rrrrradioMobileViewController.m */; };
		DE0B064D137AF23A00B674C2 /* rrrrradioMobileViewController.xib in Resources */ = {isa = PBXBuildFile; fileRef = DE0B064B137AF23A00B674C2 /* rrrrradioMobileViewController.xib */; };
/* End PBXBuildFile section */

/* Begin PBXFileReference section */
		DE0B062F137AF23A00B674C2 /* rrrrradioMobile.app */ = {isa = PBXFileReference; explicitFileType = wrapper.application; includeInIndex = 0; path = rrrrradioMobile.app; sourceTree = BUILT_PRODUCTS_DIR; };
		DE0B0633137AF23A00B674C2 /* UIKit.framework */ = {isa = PBXFileReference; lastKnownFileType = wrapper.framework; name = UIKit.framework; path = System/Library/Frameworks/UIKit.framework; sourceTree = SDKROOT; };
		DE0B0635137AF23A00B674C2 /* Foundation.framework */ = {isa = PBXFileReference; lastKnownFileType = wrapper.framework; name = Foundation.framework; path = System/Library/Frameworks/Foundation.framework; sourceTree = SDKROOT; };
		DE0B0637137AF23A00B674C2 /* CoreGraphics.framework */ = {isa = PBXFileReference; lastKnownFileType = wrapper.framework; name = CoreGraphics.framework; path = System/Library/Frameworks/CoreGraphics.framework; sourceTree = SDKROOT; };
		DE0B063B137AF23A00B674C2 /* rrrrradioMobile-Info.plist */ = {isa = PBXFileReference; path = "rrrrradioMobile-Info.plist"; sourceTree = "<group>"; };
		DE0B063D137AF23A00B674C2 /* en */ = {isa = PBXFileReference; lastKnownFileType = text.plist.strings; name = en; path = en.lproj/InfoPlist.strings; sourceTree = "<group>"; };
		DE0B063F137AF23A00B674C2 /* rrrrradioMobile-Prefix.pch */ = {isa = PBXFileReference; path = "rrrrradioMobile-Prefix.pch"; sourceTree = "<group>"; };
		DE0B0640137AF23A00B674C2 /* main.m */ = {isa = PBXFileReference; lastKnownFileType = sourcecode.c.objc; path = main.m; sourceTree = "<group>"; };
		DE0B0642137AF23A00B674C2 /* rrrrradioMobileAppDelegate.h */ = {isa = PBXFileReference; path = rrrrradioMobileAppDelegate.h; sourceTree = "<group>"; };
		DE0B0643137AF23A00B674C2 /* rrrrradioMobileAppDelegate.m */ = {isa = PBXFileReference; lastKnownFileType = sourcecode.c.objc; path = rrrrradioMobileAppDelegate.m; sourceTree = "<group>"; };
		DE0B0646137AF23A00B674C2 /* en */ = {isa = PBXFileReference; lastKnownFileType = file.xib; name = en; path = en.lproj/MainWindow.xib; sourceTree = "<group>"; };
		DE0B0648137AF23A00B674C2 /* rrrrradioMobileViewController.h */ = {isa = PBXFileReference; path = rrrrradioMobileViewController.h; sourceTree = "<group>"; };
		DE0B0649137AF23A00B674C2 /* rrrrradioMobileViewController.m */ = {isa = PBXFileReference; lastKnownFileType = sourcecode.c.objc; path = rrrrradioMobileViewController.m; sourceTree = "<group>"; };
		DE0B064C137AF23A00B674C2 /* en */ = {isa = PBXFileReference; lastKnownFileType = file.xib; name = en; path = en.lproj/rrrrradioMobileViewController.xib; sourceTree = "<group>"; };
/* End PBXFileReference section */

/* Begin PBXFrameworksBuildPhase section */
		DE0B062C137AF23A00B674C2 /* Frameworks */ = {
			isa = PBXFrameworksBuildPhase;
			buildActionMask = 2147483647;
			files = (
				DE0B0634137AF23A00B674C2 /* UIKit.framework in Frameworks */,
				DE0B0636137AF23A00B674C2 /* Foundation.framework in Frameworks */,
				DE0B0638137AF23A00B674C2 /* CoreGraphics.framework in Frameworks */,
			);
			runOnlyForDeploymentPostprocessing = 0;
		};
/* End PBXFrameworksBuildPhase section */

/* Begin PBXGroup section */
		DE0B0624137AF23A00B674C2 = {
			isa = PBXGroup;
			children = (
				DE0B0639137AF23A00B674C2 /* rrrrradioMobile */,
				DE0B0632137AF23A00B674C2 /* Frameworks */,
				DE0B0630137AF23A00B674C2 /* Products */,
			);
			sourceTree = "<group>";
		};
		DE0B0630137AF23A00B674C2 /* Products */ = {
			isa = PBXGroup;
			children = (
				DE0B062F137AF23A00B674C2 /* rrrrradioMobile.app */,
			);
			name = Products;
			sourceTree = "<group>";
		};
		DE0B0632137AF23A00B674C2 /* Frameworks */ = {
			isa = PBXGroup;
			children = (
				DE0B0633137AF23A00B674C2 /* UIKit.framework */,
				DE0B0635137AF23A00B674C2 /* Foundation.framework */,
				DE0B0637137AF23A00B674C2 /* CoreGraphics.framework */,
			);
			name = Frameworks;
			sourceTree = "<group>";
		};
		DE0B0639137AF23A00B674C2 /* rrrrradioMobile */ = {
			isa = PBXGroup;
			children = (
				DE0B0642137AF23A00B674C2 /* rrrrradioMobileAppDelegate.h */,
				DE0B0643137AF23A00B674C2 /* rrrrradioMobileAppDelegate.m */,
				DE0B0645137AF23A00B674C2 /* MainWindow.xib */,
				DE0B0648137AF23A00B674C2 /* rrrrradioMobileViewController.h */,
				DE0B0649137AF23A00B674C2 /* rrrrradioMobileViewController.m */,
				DE0B064B137AF23A00B674C2 /* rrrrradioMobileViewController.xib */,
				DE0B063A137AF23A00B674C2 /* Supporting Files */,
			);
			path = rrrrradioMobile;
			sourceTree = "<group>";
		};
		DE0B063A137AF23A00B674C2 /* Supporting Files */ = {
			isa = PBXGroup;
			children = (
				DE0B063B137AF23A00B674C2 /* rrrrradioMobile-Info.plist */,
				DE0B063C137AF23A00B674C2 /* InfoPlist.strings */,
				DE0B063F137AF23A00B674C2 /* rrrrradioMobile-Prefix.pch */,
				DE0B0640137AF23A00B674C2 /* main.m */,
			);
			name = "Supporting Files";
			sourceTree = "<group>";
		};
/* End PBXGroup section */

/* Begin PBXNativeTarget section */
		DE0B062E137AF23A00B674C2 /* rrrrradioMobile */ = {
			isa = PBXNativeTarget;
			buildConfigurationList = DE0B0650137AF23A00B674C2 /* Build configuration list for PBXNativeTarget "rrrrradioMobile" */;
			buildPhases = (
				DE0B062B137AF23A00B674C2 /* Sources */,
				DE0B062C137AF23A00B674C2 /* Frameworks */,
				DE0B062D137AF23A00B674C2 /* Resources */,
			);
			buildRules = (
			);
			dependencies = (
			);
			name = rrrrradioMobile;
			productName = rrrrradioMobile;
			productReference = DE0B062F137AF23A00B674C2 /* rrrrradioMobile.app */;
			productType = "com.apple.product-type.application";
		};
/* End PBXNativeTarget section */

/* Begin PBXProject section */
		DE0B0626137AF23A00B674C2 /* Project object */ = {
			isa = PBXProject;
			attributes = {
				ORGANIZATIONNAME = "The Institute for Justice";
			};
			buildConfigurationList = DE0B0629137AF23A00B674C2 /* Build configuration list for PBXProject "rrrrradioMobile" */;
			compatibilityVersion = "Xcode 3.2";
			developmentRegion = English;
			hasScannedForEncodings = 0;
			knownRegions = (
				en,
			);
			mainGroup = DE0B0624137AF23A00B674C2;
			productRefGroup = DE0B0630137AF23A00B674C2 /* Products */;
			projectDirPath = "";
			projectRoot = "";
			targets = (
				DE0B062E137AF23A00B674C2 /* rrrrradioMobile */,
			);
		};
/* End PBXProject section */

/* Begin PBXResourcesBuildPhase section */
		DE0B062D137AF23A00B674C2 /* Resources */ = {
			isa = PBXResourcesBuildPhase;
			buildActionMask = 2147483647;
			files = (
				DE0B063E137AF23A00B674C2 /* InfoPlist.strings in Resources */,
				DE0B0647137AF23A00B674C2 /* MainWindow.xib in Resources */,
				DE0B064D137AF23A00B674C2 /* rrrrradioMobileViewController.xib in Resources */,
			);
			runOnlyForDeploymentPostprocessing = 0;
		};
/* End PBXResourcesBuildPhase section */

/* Begin PBXSourcesBuildPhase section */
		DE0B062B137AF23A00B674C2 /* Sources */ = {
			isa = PBXSourcesBuildPhase;
			buildActionMask = 2147483647;
			files = (
				DE0B0641137AF23A00B674C2 /* main.m in Sources */,
				DE0B0644137AF23A00B674C2 /* rrrrradioMobileAppDelegate.m in Sources */,
				DE0B064A137AF23A00B674C2 /* rrrrradioMobileViewController.m in Sources */,
			);
			runOnlyForDeploymentPostprocessing = 0;
		};
/* End PBXSourcesBuildPhase section */

/* Begin PBXVariantGroup section */
		DE0B063C137AF23A00B674C2 /* InfoPlist.strings */ = {
			isa = PBXVariantGroup;
			children = (
				DE0B063D137AF23A00B674C2 /* en */,
			);
			name = InfoPlist.strings;
			sourceTree = "<group>";
		};
		DE0B0645137AF23A00B674C2 /* MainWindow.xib */ = {
			isa = PBXVariantGroup;
			children = (
				DE0B0646137AF23A00B674C2 /* en */,
			);
			name = MainWindow.xib;
			sourceTree = "<group>";
		};
		DE0B064B137AF23A00B674C2 /* rrrrradioMobileViewController.xib */ = {
			isa = PBXVariantGroup;
			children = (
				DE0B064C137AF23A00B674C2 /* en */,
			);
			name = rrrrradioMobileViewController.xib;
			sourceTree = "<group>";
		};
/* End PBXVariantGroup section */

/* Begin XCBuildConfiguration section */
		DE0B064E137AF23A00B674C2 /* Debug */ = {
			isa = XCBuildConfiguration;
			buildSettings = {
				ARCHS = "$(ARCHS_STANDARD_32_BIT)";
				"CODE_SIGN_IDENTITY[sdk=iphoneos*]" = "iPhone Developer";
				GCC_C_LANGUAGE_STANDARD = gnu99;
				GCC_OPTIMIZATION_LEVEL = 0;
				GCC_PREPROCESSOR_DEFINITIONS = DEBUG;
				GCC_SYMBOLS_PRIVATE_EXTERN = NO;
				GCC_VERSION = com.apple.compilers.llvmgcc42;
				GCC_WARN_ABOUT_RETURN_TYPE = YES;
				GCC_WARN_UNUSED_VARIABLE = YES;
				IPHONEOS_DEPLOYMENT_TARGET = 4.3;
				SDKROOT = iphoneos;
			};
			name = Debug;
		};
		DE0B064F137AF23A00B674C2 /* Release */ = {
			isa = XCBuildConfiguration;
			buildSettings = {
				ARCHS = "$(ARCHS_STANDARD_32_BIT)";
				"CODE_SIGN_IDENTITY[sdk=iphoneos*]" = "iPhone Developer";
				GCC_C_LANGUAGE_STANDARD = gnu99;
				GCC_VERSION = com.apple.compilers.llvmgcc42;
				GCC_WARN_ABOUT_RETURN_TYPE = YES;
				GCC_WARN_UNUSED_VARIABLE = YES;
				IPHONEOS_DEPLOYMENT_TARGET = 4.3;
				OTHER_CFLAGS = "-DNS_BLOCK_ASSERTIONS=1";
				SDKROOT = iphoneos;
			};
			name = Release;
		};
		DE0B0651137AF23A00B674C2 /* Debug */ = {
			isa = XCBuildConfiguration;
			buildSettings = {
				ALWAYS_SEARCH_USER_PATHS = NO;
				COPY_PHASE_STRIP = NO;
				GCC_DYNAMIC_NO_PIC = NO;
				GCC_PRECOMPILE_PREFIX_HEADER = YES;
				GCC_PREFIX_HEADER = "rrrrradioMobile/rrrrradioMobile-Prefix.pch";
				INFOPLIST_FILE = "rrrrradioMobile/rrrrradioMobile-Info.plist";
				PRODUCT_NAME = "$(TARGET_NAME)";
				WRAPPER_EXTENSION = app;
			};
			name = Debug;
		};
		DE0B0652137AF23A00B674C2 /* Release */ = {
			isa = XCBuildConfiguration;
			buildSettings = {
				ALWAYS_SEARCH_USER_PATHS = NO;
				COPY_PHASE_STRIP = YES;
				GCC_PRECOMPILE_PREFIX_HEADER = YES;
				GCC_PREFIX_HEADER = "rrrrradioMobile/rrrrradioMobile-Prefix.pch";
				INFOPLIST_FILE = "rrrrradioMobile/rrrrradioMobile-Info.plist";
				PRODUCT_NAME = "$(TARGET_NAME)";
				VALIDATE_PRODUCT = YES;
				WRAPPER_EXTENSION = app;
			};
			name = Release;
		};
/* End XCBuildConfiguration section */

/* Begin XCConfigurationList section */
		DE0B0629137AF23A00B674C2 /* Build configuration list for PBXProject "rrrrradioMobile" */ = {
			isa = XCConfigurationList;
			buildConfigurations = (
				DE0B064E137AF23A00B674C2 /* Debug */,
				DE0B064F137AF23A00B674C2 /* Release */,
			);
			defaultConfigurationIsVisible = 0;
			defaultConfigurationName = Release;
		};
		DE0B0650137AF23A00B674C2 /* Build configuration list for PBXNativeTarget "rrrrradioMobile" */ = {
			isa = XCConfigurationList;
			buildConfigurations = (
				DE0B0651137AF23A00B674C2 /* Debug */,
				DE0B0652137AF23A00B674C2 /* Release */,
			);
			defaultConfigurationIsVisible = 0;
		};
/* End XCConfigurationList section */
	};
	rootObject = DE0B0626137AF23A00B674C2 /* Project object */;
}
